dependencies:
- name: traefik-crds
  repository: https://traefik.github.io/charts
  version: 1.13.0
- name: traefik
  repository: https://traefik.github.io/charts
  version: 38.0.1
- name: argo-workflows
  repository: https://argoproj.github.io/argo-helm
  version: 2.0.6
- name: external-secrets
  repository: https://charts.external-secrets.io
  version: 1.2.1
digest: sha256:8530880ffa3852bd3c1068a0bf4fbd53ad88d6fdfec235f4a1d0f95a2d161267
generated: "2026-09-17T11:30:55.150997+02:00"
